
Microsoft Visual Studio Solution File, Format Version 12.00
# Visual Studio 15
VisualStudioVersion = 15.0.28010.2019
MinimumVisualStudioVersion = 10.0.40219.1
Project("{FAE04EC0-301F-11D3-BF4B-00C04F79EFBC}") = "Week7pjt", "Week7pjt\Week7pjt.csproj", "{1C49E98E-7894-43F5-8684-98085C513808}"
EndProject
Global
	GlobalSection(SolutionConfigurationPlatforms) = preSolution
		Debug|Any CPU = Debug|Any CPU
		Release|Any CPU = Release|Any CPU
	EndGlobalSection
	GlobalSection(ProjectConfigurationPlatforms) = postSolution
		{1C49E98E-7894-43F5-8684-98085C513808}.Debug|Any CPU.ActiveCfg = Debug|Any CPU
		{1C49E98E-7894-43F5-8684-98085C513808}.Debug|Any CPU.Build.0 = Debug|Any CPU
		{1C49E98E-7894-43F5-8684-98085C513808}.Release|Any CPU.ActiveCfg = Release|Any CPU
		{1C49E98E-7894-43F5-8684-98085C513808}.Release|Any CPU.Build.0 = Release|Any CPU
	EndGlobalSection
	GlobalSection(SolutionProperties) = preSolution
		HideSolutionNode = FALSE
	EndGlobalSection
	GlobalSection(ExtensibilityGlobals) = postSolution
		SolutionGuid = {D63BD846-42BC-42D7-BB25-C3647F2DF28A}
	EndGlobalSection
EndGlobal
